# THIS IS AN AUTOGENERATED FILE. DO NOT EDIT THIS FILE DIRECTLY.
# yarn lockfile v1


express-async-errors@^3.1.1:
  version "3.1.1"
  resolved "https://registry.yarnpkg.com/express-async-errors/-/express-async-errors-3.1.1.tgz#6053236d61d21ddef4892d6bd1d736889fc9da41"
  integrity sha512-h6aK1da4tpqWSbyCa3FxB/V6Ehd4EEB15zyQq9qe75OZBp0krinNKuH4rAY+S/U/2I36vdLAUFSjQJ+TFmODng==

express-validator@^6.14.0:
  version "6.14.0"
  resolved "https://registry.yarnpkg.com/express-validator/-/express-validator-6.14.0.tgz#8ee7a32bf1ffcf2573db5f17c9cad279698e5d41"
  integrity sha512-ZWHJfnRgePp3FKRSKMtnZVnD1s8ZchWD+jSl7UMseGIqhweCo1Z9916/xXBbJAa6PrA3pUZfkOvIsHZG4ZtIMw==
  dependencies:
    lodash "^4.17.21"
    validator "^13.7.0"

lodash@^4.17.21:
  version "4.17.21"
  resolved "https://registry.yarnpkg.com/lodash/-/lodash-4.17.21.tgz#679591c564c3bffaae8454cf0b3df370c3d6911c"
  integrity sha512-v2kDEe57lecTulaDIuNTPy3Ry4gLGJ6Z1O3vE1krgXZNrsQ+LFTGHVxVjcXPs17LhbZVGedAJv8XZ1tvj5FvSg==

validator@^13.7.0:
  version "13.7.0"
  resolved "https://registry.yarnpkg.com/validator/-/validator-13.7.0.tgz#4f9658ba13ba8f3d82ee881d3516489ea85c0857"
  integrity sha512-nYXQLCBkpJ8X6ltALua9dRrZDHVYxjJ1wgskNt1lH9fzGjs3tgojGSCBjmEPwkWS1y29+DrizMTW19Pr9uB2nw==
